
Microsoft Visual Studio Solution File, Format Version 12.00
# Visual Studio 15
VisualStudioVersion = 15.0.28307.1259
MinimumVisualStudioVersion = 10.0.40219.1
Project("{FAE04EC0-301F-11D3-BF4B-00C04F79EFBC}") = "TRP_Lab_5", "TRP_Lab_5\TRP_Lab_5.csproj", "{14678283-2974-4577-99F4-97AF9F6D0425}"
EndProject
Global
	GlobalSection(SolutionConfigurationPlatforms) = preSolution
		Debug|Any CPU = Debug|Any CPU
		Release|Any CPU = Release|Any CPU
	EndGlobalSection
	GlobalSection(ProjectConfigurationPlatforms) = postSolution
		{14678283-2974-4577-99F4-97AF9F6D0425}.Debug|Any CPU.ActiveCfg = Debug|Any CPU
		{14678283-2974-4577-99F4-97AF9F6D0425}.Debug|Any CPU.Build.0 = Debug|Any CPU
		{14678283-2974-4577-99F4-97AF9F6D0425}.Release|Any CPU.ActiveCfg = Release|Any CPU
		{14678283-2974-4577-99F4-97AF9F6D0425}.Release|Any CPU.Build.0 = Release|Any CPU
	EndGlobalSection
	GlobalSection(SolutionProperties) = preSolution
		HideSolutionNode = FALSE
	EndGlobalSection
	GlobalSection(ExtensibilityGlobals) = postSolution
		SolutionGuid = {D77B9049-4C5F-46B5-AF06-0BD14E2ED6C1}
	EndGlobalSection
EndGlobal
